
Microsoft Visual Studio Solution File, Format Version 12.00
# Visual Studio Version 17
VisualStudioVersion = 17.0.31903.59
MinimumVisualStudioVersion = 10.0.40219.1
Project("{FAE04EC0-301F-11D3-BF4B-00C04F79EFBC}") = "ProyectoDiscretaIIGrafos", "ProyectoDiscretaIIGrafos.csproj", "{45248403-232F-43CF-9BC6-62922425F8B7}"
EndProject
Global
	GlobalSection(SolutionConfigurationPlatforms) = preSolution
		Debug|Any CPU = Debug|Any CPU
		Release|Any CPU = Release|Any CPU
	EndGlobalSection
	GlobalSection(ProjectConfigurationPlatforms) = postSolution
		{45248403-232F-43CF-9BC6-62922425F8B7}.Debug|Any CPU.ActiveCfg = Debug|Any CPU
		{45248403-232F-43CF-9BC6-62922425F8B7}.Debug|Any CPU.Build.0 = Debug|Any CPU
		{45248403-232F-43CF-9BC6-62922425F8B7}.Release|Any CPU.ActiveCfg = Release|Any CPU
		{45248403-232F-43CF-9BC6-62922425F8B7}.Release|Any CPU.Build.0 = Release|Any CPU
	EndGlobalSection
	GlobalSection(SolutionProperties) = preSolution
		HideSolutionNode = FALSE
	EndGlobalSection
	GlobalSection(ExtensibilityGlobals) = postSolution
		SolutionGuid = {04E0A886-512C-4866-989F-CCF529518199}
	EndGlobalSection
EndGlobal
